[[package]]
name = "certifi"
version = "2022.6.15"
requires_python = ">=3.6"
summary = "Python package for providing Mozilla's CA Bundle."

[[package]]
name = "charset-normalizer"
version = "2.1.1"
requires_python = ">=3.6.0"
summary = "The Real First Universal Charset Detector. Open, modern and actively maintained alternative to Chardet."

[[package]]
name = "docopt"
version = "0.6.2"
summary = "Pythonic argument parser, that will make you smile"

[[package]]
name = "idna"
version = "3.3"
requires_python = ">=3.5"
summary = "Internationalized Domain Names in Applications (IDNA)"

[[package]]
name = "jinja2"
version = "3.1.2"
requires_python = ">=3.7"
summary = "A very fast and expressive template engine."
dependencies = [
    "MarkupSafe>=2.0",
]

[[package]]
name = "markupsafe"
version = "2.1.1"
requires_python = ">=3.7"
summary = "Safely add untrusted strings to HTML/XML markup."

[[package]]
name = "packaging"
version = "21.3"
requires_python = ">=3.6"
summary = "Core utilities for Python packages"
dependencies = [
    "pyparsing!=3.0.5,>=2.0.2",
]

[[package]]
name = "pyparsing"
version = "3.0.9"
requires_python = ">=3.6.8"
summary = "pyparsing module - Classes and methods to define and execute parsing grammars"

[[package]]
name = "python-magic"
version = "0.4.27"
requires_python = ">=2.7, !=3.0.*, !=3.1.*, !=3.2.*, !=3.3.*, !=3.4.*"
summary = "File type identification using libmagic"

[[package]]
name = "requests"
version = "2.28.1"
requires_python = ">=3.7, <4"
summary = "Python HTTP for Humans."
dependencies = [
    "certifi>=2017.4.17",
    "charset-normalizer<3,>=2",
    "idna<4,>=2.5",
    "urllib3<1.27,>=1.21.1",
]

[[package]]
name = "ruamel.yaml"
version = "0.17.21"
requires_python = ">=3"
summary = "ruamel.yaml is a YAML parser/emitter that supports roundtrip preservation of comments, seq/map flow style, and map key order"
dependencies = [
    "ruamel.yaml.clib>=0.2.6; platform_python_implementation == \"CPython\" and python_version < \"3.11\"",
]

[[package]]
name = "ruamel.yaml.clib"
version = "0.2.6"
requires_python = ">=3.5"
summary = "C version of reader, parser and emitter for ruamel.yaml derived from libyaml"

[[package]]
name = "toml"
version = "0.10.2"
requires_python = ">=2.6, !=3.0.*, !=3.1.*, !=3.2.*"
summary = "Python Library for Tom's Obvious, Minimal Language"

[[package]]
name = "urllib3"
version = "1.26.12"
requires_python = ">=2.7, !=3.0.*, !=3.1.*, !=3.2.*, !=3.3.*, !=3.4.*, !=3.5.*, <4"
summary = "HTTP library with thread-safe connection pooling, file post, and more."

[metadata]
lock_version = "4.0"
content_hash = "sha256:e28c39ea45f4bdcce56659fc08847983e3d08e2b25491361a4fec0f052e9702a"

[metadata.files]
"certifi 2022.6.15" = [
    {url = "https://files.pythonhosted.org/packages/cc/85/319a8a684e8ac6d87a1193090e06b6bbb302717496380e225ee10487c888/certifi-2022.6.15.tar.gz", hash = "sha256:84c85a9078b11105f04f3036a9482ae10e4621616db313fe045dd24743a0820d"},
    {url = "https://files.pythonhosted.org/packages/e9/06/d3d367b7af6305b16f0d28ae2aaeb86154fa91f144f036c2d5002a5a202b/certifi-2022.6.15-py3-none-any.whl", hash = "sha256:fe86415d55e84719d75f8b69414f6438ac3547d2078ab91b67e779ef69378412"},
]
"charset-normalizer 2.1.1" = [
    {url = "https://files.pythonhosted.org/packages/a1/34/44964211e5410b051e4b8d2869c470ae8a68ae274953b1c7de6d98bbcf94/charset-normalizer-2.1.1.tar.gz", hash = "sha256:5a3d016c7c547f69d6f81fb0db9449ce888b418b5b9952cc5e6e66843e9dd845"},
    {url = "https://files.pythonhosted.org/packages/db/51/a507c856293ab05cdc1db77ff4bc1268ddd39f29e7dc4919aa497f0adbec/charset_normalizer-2.1.1-py3-none-any.whl", hash = "sha256:83e9a75d1911279afd89352c68b45348559d1fc0506b054b346651b5e7fee29f"},
]
"docopt 0.6.2" = [
    {url = "https://files.pythonhosted.org/packages/a2/55/8f8cab2afd404cf578136ef2cc5dfb50baa1761b68c9da1fb1e4eed343c9/docopt-0.6.2.tar.gz", hash = "sha256:49b3a825280bd66b3aa83585ef59c4a8c82f2c8a522dbe754a8bc8d08c85c491"},
]
"idna 3.3" = [
    {url = "https://files.pythonhosted.org/packages/04/a2/d918dcd22354d8958fe113e1a3630137e0fc8b44859ade3063982eacd2a4/idna-3.3-py3-none-any.whl", hash = "sha256:84d9dd047ffa80596e0f246e2eab0b391788b0503584e8945f2368256d2735ff"},
    {url = "https://files.pythonhosted.org/packages/62/08/e3fc7c8161090f742f504f40b1bccbfc544d4a4e09eb774bf40aafce5436/idna-3.3.tar.gz", hash = "sha256:9d643ff0a55b762d5cdb124b8eaa99c66322e2157b69160bc32796e824360e6d"},
]
"jinja2 3.1.2" = [
    {url = "https://files.pythonhosted.org/packages/7a/ff/75c28576a1d900e87eb6335b063fab47a8ef3c8b4d88524c4bf78f670cce/Jinja2-3.1.2.tar.gz", hash = "sha256:31351a702a408a9e7595a8fc6150fc3f43bb6bf7e319770cbc0db9df9437e852"},
    {url = "https://files.pythonhosted.org/packages/bc/c3/f068337a370801f372f2f8f6bad74a5c140f6fda3d9de154052708dd3c65/Jinja2-3.1.2-py3-none-any.whl", hash = "sha256:6088930bfe239f0e6710546ab9c19c9ef35e29792895fed6e6e31a023a182a61"},
]
"markupsafe 2.1.1" = [
    {url = "https://files.pythonhosted.org/packages/06/7f/d5e46d7464360b6ac39c5b0b604770dba937e3d7cab485d2f3298454717b/MarkupSafe-2.1.1-cp39-cp39-macosx_10_9_universal2.whl", hash = "sha256:e04e26803c9c3851c931eac40c695602c6295b8d432cbe78609649ad9bd2da8a"},
    {url = "https://files.pythonhosted.org/packages/0f/53/b14de4ede9c2bd76d28e7911033b065ac42896f1cfb258d3ff65cf0332d2/MarkupSafe-2.1.1-cp39-cp39-musllinux_1_1_x86_64.whl", hash = "sha256:8e3dcf21f367459434c18e71b2a9532d96547aef8a871872a5bd69a715c15f96"},
    {url = "https://files.pythonhosted.org/packages/18/a6/913b1d80fe93f7c3aa79206544b98841616c3eaa7790f37bdfb9fc13311e/MarkupSafe-2.1.1-cp38-cp38-manylinux_2_17_aarch64.manylinux2014_aarch64.whl", hash = "sha256:8e576a51ad59e4bfaac456023a78f6b5e6e7651dcd383bcc3e18d06f9b55d6d1"},
    {url = "https://files.pythonhosted.org/packages/1b/b3/93411f10caaccc6fc9c53bbdae4f6d26997248ae574e2f0c90e912b67f73/MarkupSafe-2.1.1-cp37-cp37m-musllinux_1_1_aarch64.whl", hash = "sha256:d5ee4f386140395a2c818d149221149c54849dfcfcb9f1debfe07a8b8bd63f9a"},
    {url = "https://files.pythonhosted.org/packages/1d/97/2288fe498044284f39ab8950703e88abbac2abbdf65524d576157af70556/MarkupSafe-2.1.1.tar.gz", hash = "sha256:7f91197cc9e48f989d12e4e6fbc46495c446636dfc81b9ccf50bb0ec74b91d4b"},
    {url = "https://files.pythonhosted.org/packages/25/c4/a75659da6d6b03d2d8ef296b2a8bc73e8c5b1533ee31569a958a292f0929/MarkupSafe-2.1.1-cp39-cp39-win32.whl", hash = "sha256:d4306c36ca495956b6d568d276ac11fdd9c30a36f1b6eb928070dc5360b22e1c"},
    {url = "https://files.pythonhosted.org/packages/26/03/2c11ba1a8b2327adea3f59f1c9c9ee9c59e86023925f929e63c4f028b10a/MarkupSafe-2.1.1-cp39-cp39-macosx_10_9_x86_64.whl", hash = "sha256:b87db4360013327109564f0e591bd2a3b318547bcef31b468a92ee504d07ae4f"},
    {url = "https://files.pythonhosted.org/packages/2c/81/91062a81ac8a18f557f12e2618475b53878755c016c9914c8aa207155c4e/MarkupSafe-2.1.1-cp38-cp38-win_amd64.whl", hash = "sha256:fc7b548b17d238737688817ab67deebb30e8073c95749d55538ed473130ec0c7"},
    {url = "https://files.pythonhosted.org/packages/3a/fc/dccc18170917f2cc2a5b77aad97f5f27d992ef0f2b9fb9e334ee71bf5301/MarkupSafe-2.1.1-cp39-cp39-musllinux_1_1_aarch64.whl", hash = "sha256:33b74d289bd2f5e527beadcaa3f401e0df0a89927c1559c8566c066fa4248ab7"},
    {url = "https://files.pythonhosted.org/packages/3c/d3/c7ab031b14ae4e83214949acee957a8fcf6a992698edff039ee1e77eb4e1/MarkupSafe-2.1.1-cp38-cp38-macosx_10_9_x86_64.whl", hash = "sha256:0212a68688482dc52b2d45013df70d169f542b7394fc744c02a57374a4207003"},
    {url = "https://files.pythonhosted.org/packages/3d/4b/15e5b9d40c4b58e97ebcb8ed5845a215fa5b7cf49a7f1cc7908f8db9cf46/MarkupSafe-2.1.1-cp310-cp310-win_amd64.whl", hash = "sha256:dda30ba7e87fbbb7eab1ec9f58678558fd9a6b8b853530e176eabd064da81417"},
    {url = "https://files.pythonhosted.org/packages/3f/38/f422a81b41bdac48f1d19c45f6e203c04bc45d2c35505873fdecdddee1ec/MarkupSafe-2.1.1-cp37-cp37m-win_amd64.whl", hash = "sha256:97a68e6ada378df82bc9f16b800ab77cbf4b2fada0081794318520138c088e4a"},
    {url = "https://files.pythonhosted.org/packages/48/a9/cf226ea201542a724b113bac70dd0dfb72106da3621120c525c8eafadac2/MarkupSafe-2.1.1-cp37-cp37m-manylinux_2_17_aarch64.manylinux2014_aarch64.whl", hash = "sha256:3799351e2336dc91ea70b034983ee71cf2f9533cdff7c14c90ea126bfd95d65a"},
    {url = "https://files.pythonhosted.org/packages/5c/1a/ac3a2b2a4ef1196c15dd8a143fc28eddeb6e6871d6d1de64dc44ef7f59b6/MarkupSafe-2.1.1-cp310-cp310-musllinux_1_1_i686.whl", hash = "sha256:694deca8d702d5db21ec83983ce0bb4b26a578e71fbdbd4fdcd387daa90e4d5e"},
    {url = "https://files.pythonhosted.org/packages/5e/3d/0a7df21deca52e20de81f8a895ac29df68944588c0030be9aa1e6c07877c/MarkupSafe-2.1.1-cp310-cp310-win32.whl", hash = "sha256:4a33dea2b688b3190ee12bd7cfa29d39c9ed176bda40bfa11099a3ce5d3a7ac6"},
    {url = "https://files.pythonhosted.org/packages/68/b5/b3aafabe7e1f71aa64ffe32fd8c767fd7db1bb304d339d8df6f2fdd2543c/MarkupSafe-2.1.1-cp38-cp38-musllinux_1_1_i686.whl", hash = "sha256:089cf3dbf0cd6c100f02945abeb18484bd1ee57a079aefd52cffd17fba910b88"},
    {url = "https://files.pythonhosted.org/packages/69/60/08791e4a971ea976f0fd58fb916d76de7c962dc8e26430564258820ac21f/MarkupSafe-2.1.1-cp38-cp38-manylinux_2_5_i686.manylinux1_i686.manylinux_2_17_i686.manylinux2014_i686.whl", hash = "sha256:96e37a3dc86e80bf81758c152fe66dbf60ed5eca3d26305edf01892257049925"},
    {url = "https://files.pythonhosted.org/packages/6c/44/cd459988fe29cb82f0482fe6b6c47ec17ae700a500634edd876075d5e1ee/MarkupSafe-2.1.1-cp38-cp38-win32.whl", hash = "sha256:421be9fbf0ffe9ffd7a378aafebbf6f4602d564d34be190fc19a193232fd12b1"},
    {url = "https://files.pythonhosted.org/packages/71/dc/41cbfe0d9aefdf14226dbf4eccfd0079a0e297809a17c5b902c9a7a3cc9a/MarkupSafe-2.1.1-cp39-cp39-win_amd64.whl", hash = "sha256:46d00d6cfecdde84d40e572d63735ef81423ad31184100411e6e3388d405e247"},
    {url = "https://files.pythonhosted.org/packages/73/68/628f6dbbf5088723a2b939d97c0a2e059d0cc654ce92a6fac5c7959edaff/MarkupSafe-2.1.1-cp39-cp39-manylinux_2_5_i686.manylinux1_i686.manylinux_2_17_i686.manylinux2014_i686.whl", hash = "sha256:3ce11ee3f23f79dbd06fb3d63e2f6af7b12db1d46932fe7bd8afa259a5996603"},
    {url = "https://files.pythonhosted.org/packages/7f/d7/a0ee1e3a608ca2f80c66c43c699ab063b4b8979c51f8299229b1960f6860/MarkupSafe-2.1.1-cp37-cp37m-win32.whl", hash = "sha256:8dc1c72a69aa7e082593c4a203dcf94ddb74bb5c8a731e4e1eb68d031e8498ff"},
    {url = "https://files.pythonhosted.org/packages/82/3d/523e40c45dc1f53b35e60c6e8563dec523f7b6c113f823d5e123dd431631/MarkupSafe-2.1.1-cp39-cp39-manylinux_2_17_aarch64.manylinux2014_aarch64.whl", hash = "sha256:99a2a507ed3ac881b975a2976d59f38c19386d128e7a9a18b7df6fff1fd4c1d6"},
    {url = "https://files.pythonhosted.org/packages/87/31/ab37f60fde001c02ac115da6f66a2d934d37407f257ad8e15ed69093c7fb/MarkupSafe-2.1.1-cp37-cp37m-manylinux_2_5_i686.manylinux1_i686.manylinux_2_17_i686.manylinux2014_i686.whl", hash = "sha256:6fbf47b5d3728c6aea2abb0589b5d30459e369baa772e0f37a0320185e87c980"},
    {url = "https://files.pythonhosted.org/packages/8c/96/7e608e1a942232cb8c81ca24093e71e07e2bacbeb2dad62a0f82da28ed54/MarkupSafe-2.1.1-cp310-cp310-macosx_10_9_x86_64.whl", hash = "sha256:f121a1420d4e173a5d96e47e9a0c0dcff965afdf1626d28de1460815f7c4ee7a"},
    {url = "https://files.pythonhosted.org/packages/92/7c/3c33294e506eafa7f1c40dd283089a45652ea0f073fc0ce24419d46bfe4b/MarkupSafe-2.1.1-cp38-cp38-macosx_10_9_universal2.whl", hash = "sha256:e8c843bbcda3a2f1e3c2ab25913c80a3c5376cd00c6e8c4a86a89a28c8dc5452"},
    {url = "https://files.pythonhosted.org/packages/9e/82/2e089c6f34e77c073aa5a67040d368aac0dfb9b8ccbb46d381452c26fc33/MarkupSafe-2.1.1-cp310-cp310-manylinux_2_17_x86_64.manylinux2014_x86_64.whl", hash = "sha256:10c1bfff05d95783da83491be968e8fe789263689c02724e0c691933c52994f5"},
    {url = "https://files.pythonhosted.org/packages/9f/83/b221ce5a0224f409b9f02b0dc6cb0b921c46033f4870d64fa3e8a96af701/MarkupSafe-2.1.1-cp37-cp37m-manylinux_2_17_x86_64.manylinux2014_x86_64.whl", hash = "sha256:e72591e9ecd94d7feb70c1cbd7be7b3ebea3f548870aa91e2732960fa4d57a37"},
    {url = "https://files.pythonhosted.org/packages/a3/47/9dcc08eff8ab94f1e50f59f9cd322b710ef5db7e8590fdd8df924406fc9c/MarkupSafe-2.1.1-cp310-cp310-manylinux_2_5_i686.manylinux1_i686.manylinux_2_17_i686.manylinux2014_i686.whl", hash = "sha256:b7bd98b796e2b6553da7225aeb61f447f80a1ca64f41d83612e6139ca5213aa4"},
    {url = "https://files.pythonhosted.org/packages/ad/fa/292a72cddad41e3c06227b446a0af53ff642a40755fc5bd695f439c35ba8/MarkupSafe-2.1.1-cp310-cp310-musllinux_1_1_aarch64.whl", hash = "sha256:b09bf97215625a311f669476f44b8b318b075847b49316d3e28c08e41a7a573f"},
    {url = "https://files.pythonhosted.org/packages/ba/16/3627f852d8a846c0fc52ad1beac6e27894a8344cc2c26036db51acb82c3e/MarkupSafe-2.1.1-cp39-cp39-musllinux_1_1_i686.whl", hash = "sha256:43093fb83d8343aac0b1baa75516da6092f58f41200907ef92448ecab8825135"},
    {url = "https://files.pythonhosted.org/packages/ba/a9/6291d3fdaf0ecac5fbafe462258c5174f11fd752076ba05c2c022ee64f77/MarkupSafe-2.1.1-cp37-cp37m-musllinux_1_1_x86_64.whl", hash = "sha256:e1c0b87e09fa55a220f058d1d49d3fb8df88fbfab58558f1198e08c1e1de842a"},
    {url = "https://files.pythonhosted.org/packages/be/d8/5ab7f07d8f60155c4f12b4b2dca785355b8ee7e16b2d3f00c3830add5f10/MarkupSafe-2.1.1-cp38-cp38-musllinux_1_1_x86_64.whl", hash = "sha256:6a074d34ee7a5ce3effbc526b7083ec9731bb3cbf921bbe1d3005d4d2bdb3a63"},
    {url = "https://files.pythonhosted.org/packages/d0/1f/9677deb5b2768ca503e5ed8464a28f47a854d415b9d1b84445efa8363ca6/MarkupSafe-2.1.1-cp37-cp37m-musllinux_1_1_i686.whl", hash = "sha256:bcb3ed405ed3222f9904899563d6fc492ff75cce56cba05e32eff40e6acbeaa3"},
    {url = "https://files.pythonhosted.org/packages/d3/4f/9ea1c0a7796f7f81371b40d32aa31766b76fbdba316abf888897042e6e0f/MarkupSafe-2.1.1-cp38-cp38-musllinux_1_1_aarch64.whl", hash = "sha256:6d0072fea50feec76a4c418096652f2c3238eaa014b2f94aeb1d56a66b41403f"},
    {url = "https://files.pythonhosted.org/packages/d9/60/94e9de017674f88a514804e2924bdede9a642aba179d2045214719d6ec76/MarkupSafe-2.1.1-cp310-cp310-macosx_10_9_universal2.whl", hash = "sha256:86b1f75c4e7c2ac2ccdaec2b9022845dbb81880ca318bb7a0a01fbf7813e3812"},
    {url = "https://files.pythonhosted.org/packages/df/06/c515c5bc43b90462e753bc768e6798193c6520c9c7eb2054c7466779a9db/MarkupSafe-2.1.1-cp39-cp39-manylinux_2_17_x86_64.manylinux2014_x86_64.whl", hash = "sha256:56442863ed2b06d19c37f94d999035e15ee982988920e12a5b4ba29b62ad1f77"},
    {url = "https://files.pythonhosted.org/packages/f9/f8/13ffc95bf8a8c98d611b9f9fa5aa88625b9a82fce528e58f1aafba14946b/MarkupSafe-2.1.1-cp37-cp37m-macosx_10_9_x86_64.whl", hash = "sha256:671cd1187ed5e62818414afe79ed29da836dde67166a9fac6d435873c44fdd02"},
    {url = "https://files.pythonhosted.org/packages/fc/e4/78c7607352dd574d524daad079f855757d406d36b919b1864a5a07978390/MarkupSafe-2.1.1-cp310-cp310-musllinux_1_1_x86_64.whl", hash = "sha256:efc1913fd2ca4f334418481c7e595c00aad186563bbc1ec76067848c7ca0a933"},
    {url = "https://files.pythonhosted.org/packages/fd/f4/524d2e8f5a3727cf309c2b7df7c732038375322df1376c9e9ef3aa92fcaf/MarkupSafe-2.1.1-cp38-cp38-manylinux_2_17_x86_64.manylinux2014_x86_64.whl", hash = "sha256:4b9fe39a2ccc108a4accc2676e77da025ce383c108593d65cc909add5c3bd601"},
    {url = "https://files.pythonhosted.org/packages/ff/3a/42262a3aa6415befee33b275b31afbcef4f7f8d2f4380061b226c692ee2a/MarkupSafe-2.1.1-cp310-cp310-manylinux_2_17_aarch64.manylinux2014_aarch64.whl", hash = "sha256:a49907dd8420c5685cfa064a1335b6754b74541bbb3706c259c02ed65b644b3e"},
]
"packaging 21.3" = [
    {url = "https://files.pythonhosted.org/packages/05/8e/8de486cbd03baba4deef4142bd643a3e7bbe954a784dc1bb17142572d127/packaging-21.3-py3-none-any.whl", hash = "sha256:ef103e05f519cdc783ae24ea4e2e0f508a9c99b2d4969652eed6a2e1ea5bd522"},
    {url = "https://files.pythonhosted.org/packages/df/9e/d1a7217f69310c1db8fdf8ab396229f55a699ce34a203691794c5d1cad0c/packaging-21.3.tar.gz", hash = "sha256:dd47c42927d89ab911e606518907cc2d3a1f38bbd026385970643f9c5b8ecfeb"},
]
"pyparsing 3.0.9" = [
    {url = "https://files.pythonhosted.org/packages/6c/10/a7d0fa5baea8fe7b50f448ab742f26f52b80bfca85ac2be9d35cdd9a3246/pyparsing-3.0.9-py3-none-any.whl", hash = "sha256:5026bae9a10eeaefb61dab2f09052b9f4307d44aee4eda64b309723d8d206bbc"},
    {url = "https://files.pythonhosted.org/packages/71/22/207523d16464c40a0310d2d4d8926daffa00ac1f5b1576170a32db749636/pyparsing-3.0.9.tar.gz", hash = "sha256:2b020ecf7d21b687f219b71ecad3631f644a47f01403fa1d1036b0c6416d70fb"},
]
"python-magic 0.4.27" = [
    {url = "https://files.pythonhosted.org/packages/6c/73/9f872cb81fc5c3bb48f7227872c28975f998f3e7c2b1c16e95e6432bbb90/python_magic-0.4.27-py2.py3-none-any.whl", hash = "sha256:c212960ad306f700aa0d01e5d7a325d20548ff97eb9920dcd29513174f0294d3"},
    {url = "https://files.pythonhosted.org/packages/da/db/0b3e28ac047452d079d375ec6798bf76a036a08182dbb39ed38116a49130/python-magic-0.4.27.tar.gz", hash = "sha256:c1ba14b08e4a5f5c31a302b7721239695b2f0f058d125bd5ce1ee36b9d9d3c3b"},
]
"requests 2.28.1" = [
    {url = "https://files.pythonhosted.org/packages/a5/61/a867851fd5ab77277495a8709ddda0861b28163c4613b011bc00228cc724/requests-2.28.1.tar.gz", hash = "sha256:7c5599b102feddaa661c826c56ab4fee28bfd17f5abca1ebbe3e7f19d7c97983"},
    {url = "https://files.pythonhosted.org/packages/ca/91/6d9b8ccacd0412c08820f72cebaa4f0c0441b5cda699c90f618b6f8a1b42/requests-2.28.1-py3-none-any.whl", hash = "sha256:8fefa2a1a1365bf5520aac41836fbee479da67864514bdb821f31ce07ce65349"},
]
"ruamel.yaml 0.17.21" = [
    {url = "https://files.pythonhosted.org/packages/46/a9/6ed24832095b692a8cecc323230ce2ec3480015fbfa4b79941bd41b23a3c/ruamel.yaml-0.17.21.tar.gz", hash = "sha256:8b7ce697a2f212752a35c1ac414471dc16c424c9573be4926b56ff3f5d23b7af"},
    {url = "https://files.pythonhosted.org/packages/9e/cb/938214ac358fbef7058343b3765c79a1b7ed0c366f7f992ce7ff38335652/ruamel.yaml-0.17.21-py3-none-any.whl", hash = "sha256:742b35d3d665023981bd6d16b3d24248ce5df75fdb4e2924e93a05c1f8b61ca7"},
]
"ruamel.yaml.clib 0.2.6" = [
    {url = "https://files.pythonhosted.org/packages/0c/a5/6d803d5ad2fb2a0706dd715b1b192eeffa93d4a6d7ba604943f60210fbf3/ruamel.yaml.clib-0.2.6-cp310-cp310-manylinux2014_aarch64.whl", hash = "sha256:066f886bc90cc2ce44df8b5f7acfc6a7e2b2e672713f027136464492b0c34d7c"},
    {url = "https://files.pythonhosted.org/packages/10/7b/2f9e14ae5be9a94bed7a4c1aa040a068fe053dd199330a46e7f42b89f4bf/ruamel.yaml.clib-0.2.6-cp37-cp37m-win32.whl", hash = "sha256:a49e0161897901d1ac9c4a79984b8410f450565bbad64dbfcbf76152743a0cdb"},
    {url = "https://files.pythonhosted.org/packages/15/7c/e65492dc1c311655760fb20a9f2512f419403fcdc9ada6c63f44d7fe7062/ruamel.yaml.clib-0.2.6-cp38-cp38-manylinux1_x86_64.whl", hash = "sha256:7f7ecb53ae6848f959db6ae93bdff1740e651809780822270eab111500842a84"},
    {url = "https://files.pythonhosted.org/packages/22/80/01ebb08cbcba7e36ee7e2c78c1e2dabbc3f932ddd3e9eb225d1358487907/ruamel.yaml.clib-0.2.6-cp310-cp310-macosx_10_9_universal2.whl", hash = "sha256:6e7be2c5bcb297f5b82fee9c665eb2eb7001d1050deaba8471842979293a80b0"},
    {url = "https://files.pythonhosted.org/packages/23/2e/79d684c6cfa50b593f47938fec86f7c5d0208e0ecd278eef2ff0e10889d3/ruamel.yaml.clib-0.2.6-cp38-cp38-macosx_10_9_x86_64.whl", hash = "sha256:a32f8d81ea0c6173ab1b3da956869114cae53ba1e9f72374032e33ba3118c233"},
    {url = "https://files.pythonhosted.org/packages/26/4b/412a91a7ed7313eff51b5dbaf4c63c3a945b9e09195a75400eb4a16de9b6/ruamel.yaml.clib-0.2.6-cp38-cp38-win_amd64.whl", hash = "sha256:31ea73e564a7b5fbbe8188ab8b334393e06d997914a4e184975348f204790277"},
    {url = "https://files.pythonhosted.org/packages/26/aa/d80ca2e1bb30f3b1052aa9a0f9151f214006eeeb124b3629e204603d1dcd/ruamel.yaml.clib-0.2.6-cp39-cp39-win32.whl", hash = "sha256:3fb9575a5acd13031c57a62cc7823e5d2ff8bc3835ba4d94b921b4e6ee664104"},
    {url = "https://files.pythonhosted.org/packages/27/c0/cead4d7f6dc82b222cc63032c29c8f82cb34b366ae48c285dfafa5c4a176/ruamel.yaml.clib-0.2.6-cp35-cp35m-macosx_10_6_intel.whl", hash = "sha256:cfdb9389d888c5b74af297e51ce357b800dd844898af9d4a547ffc143fa56751"},
    {url = "https://files.pythonhosted.org/packages/2a/25/5b1dfc832ef3b83576c546d1fb3e27f136022cdd1008aab290a1e28ef220/ruamel.yaml.clib-0.2.6-cp36-cp36m-manylinux1_x86_64.whl", hash = "sha256:72a2b8b2ff0a627496aad76f37a652bcef400fd861721744201ef1b45199ab78"},
    {url = "https://files.pythonhosted.org/packages/2b/79/61f772b774361ac30df279364b6121a52406250b5abe158a76a464580414/ruamel.yaml.clib-0.2.6-cp37-cp37m-manylinux2014_aarch64.whl", hash = "sha256:210c8fcfeff90514b7133010bf14e3bad652c8efde6b20e00c43854bf94fa5a6"},
    {url = "https://files.pythonhosted.org/packages/35/29/c026b3aee8033119f0415ee0de200d09934812320b7f587199b29cb9218c/ruamel.yaml.clib-0.2.6-cp35-cp35m-win32.whl", hash = "sha256:ada3f400d9923a190ea8b59c8f60680c4ef8a4b0dfae134d2f2ff68429adfab5"},
    {url = "https://files.pythonhosted.org/packages/38/20/0b47e6daad9c7b6e0cd49ab3c47a823163d70cea7e1fce2baf1f9eaf7242/ruamel.yaml.clib-0.2.6-cp310-cp310-win32.whl", hash = "sha256:1070ba9dd7f9370d0513d649420c3b362ac2d687fe78c6e888f5b12bf8bc7bee"},
    {url = "https://files.pythonhosted.org/packages/3e/36/f1e3b5a0507662a66f156518457ffaf530c818f204467a5c532fc44056f9/ruamel.yaml.clib-0.2.6-cp39-cp39-manylinux1_x86_64.whl", hash = "sha256:1866cf2c284a03b9524a5cc00daca56d80057c5ce3cdc86a52020f4c720856f0"},
    {url = "https://files.pythonhosted.org/packages/49/8c/be4e675b5c38497f10e3eba89bf141ac7aa085db1a541294f0b60e4237a7/ruamel.yaml.clib-0.2.6-cp37-cp37m-win_amd64.whl", hash = "sha256:bf75d28fa071645c529b5474a550a44686821decebdd00e21127ef1fd566eabe"},
    {url = "https://files.pythonhosted.org/packages/4a/8e/f187926adf40bcea2709e903f0efa7ae7cc704e31fe967f317a0d5dbd422/ruamel.yaml.clib-0.2.6-cp39-cp39-win_amd64.whl", hash = "sha256:825d5fccef6da42f3c8eccd4281af399f21c02b32d98e113dbc631ea6a6ecbc7"},
    {url = "https://files.pythonhosted.org/packages/50/a2/6ba867eb0fad21a3360c11c6b64f004a40f82753ab2d305806e0c2398e04/ruamel.yaml.clib-0.2.6-cp36-cp36m-macosx_10_9_x86_64.whl", hash = "sha256:d67f273097c368265a7b81e152e07fb90ed395df6e552b9fa858c6d2c9f42502"},
    {url = "https://files.pythonhosted.org/packages/50/ef/c76cbfe816e12c4181305589ec0a7933bf34b2613cfbca6b94e1400d2d20/ruamel.yaml.clib-0.2.6-cp36-cp36m-manylinux2014_aarch64.whl", hash = "sha256:d3c620a54748a3d4cf0bcfe623e388407c8e85a4b06b8188e126302bcab93ea8"},
    {url = "https://files.pythonhosted.org/packages/63/bf/231aa2913e416a118ba767cc36a5cb6322998e2d96f96067735a5f4b077d/ruamel.yaml.clib-0.2.6-cp38-cp38-win32.whl", hash = "sha256:89221ec6d6026f8ae859c09b9718799fea22c0e8da8b766b0b2c9a9ba2db326b"},
    {url = "https://files.pythonhosted.org/packages/65/08/5998bd9f09036b83f70aebb90f6b683301c0431feb05f00222921d857db3/ruamel.yaml.clib-0.2.6-cp36-cp36m-win32.whl", hash = "sha256:9efef4aab5353387b07f6b22ace0867032b900d8e91674b5d8ea9150db5cae94"},
    {url = "https://files.pythonhosted.org/packages/68/96/d741e85598f18f18d85624f2bc8df42ed892d10f4c651ffa6734a184e24e/ruamel.yaml.clib-0.2.6-cp310-cp310-win_amd64.whl", hash = "sha256:77df077d32921ad46f34816a9a16e6356d8100374579bc35e15bab5d4e9377de"},
    {url = "https://files.pythonhosted.org/packages/6c/1a/fe3e77e4fa2064a89918a825be5e0a3edde1df0dc7a5772ce66ba8552232/ruamel.yaml.clib-0.2.6-cp39-cp39-manylinux2014_aarch64.whl", hash = "sha256:1b4139a6ffbca8ef60fdaf9b33dec05143ba746a6f0ae0f9d11d38239211d335"},
    {url = "https://files.pythonhosted.org/packages/70/f9/6dec8d3209b819433e18bf9cdf0f0dcc8dabf5dfa0098eba999e4b813b41/ruamel.yaml.clib-0.2.6-cp36-cp36m-win_amd64.whl", hash = "sha256:846fc8336443106fe23f9b6d6b8c14a53d38cef9a375149d61f99d78782ea468"},
    {url = "https://files.pythonhosted.org/packages/8b/25/08e5ad2431a028d0723ca5540b3af6a32f58f25e83c6dda4d0fcef7288a3/ruamel.yaml.clib-0.2.6.tar.gz", hash = "sha256:4ff604ce439abb20794f05613c374759ce10e3595d1867764dd1ae675b85acbd"},
    {url = "https://files.pythonhosted.org/packages/98/8a/ba37489b423916162b086b01c7c18001cf297350694180468e1698085c58/ruamel.yaml.clib-0.2.6-cp37-cp37m-manylinux1_x86_64.whl", hash = "sha256:78988ed190206672da0f5d50c61afef8f67daa718d614377dcd5e3ed85ab4a99"},
    {url = "https://files.pythonhosted.org/packages/ba/2c/076d00f31f9476ccad3a6a5446ee30c5f0921012d714c76f3111e29b06ab/ruamel.yaml.clib-0.2.6-cp39-cp39-macosx_10_9_x86_64.whl", hash = "sha256:dc6a613d6c74eef5a14a214d433d06291526145431c3b964f5e16529b1842bed"},
    {url = "https://files.pythonhosted.org/packages/bd/18/bd01961fefe36f3c6ed6c73bb84621e4c87a75bccb66b4a41ec248c58cb0/ruamel.yaml.clib-0.2.6-cp35-cp35m-win_amd64.whl", hash = "sha256:de9c6b8a1ba52919ae919f3ae96abb72b994dd0350226e28f3686cb4f142165c"},
    {url = "https://files.pythonhosted.org/packages/cb/d1/2e196f1c0b7e419798ca5dbaf1d6e8f0008be76f312ccd18d868e1cdf5d2/ruamel.yaml.clib-0.2.6-cp38-cp38-manylinux2014_aarch64.whl", hash = "sha256:61bc5e5ca632d95925907c569daa559ea194a4d16084ba86084be98ab1cec1c6"},
    {url = "https://files.pythonhosted.org/packages/d1/17/630d1d28e0fc442115280f3928b8a2b78a47b5c75bb619d16bfc4d046a69/ruamel.yaml.clib-0.2.6-cp37-cp37m-macosx_10_9_x86_64.whl", hash = "sha256:0847201b767447fc33b9c235780d3aa90357d20dd6108b92be544427bea197dd"},
    {url = "https://files.pythonhosted.org/packages/e1/c6/a8ed2b252c9a1018ea1758bbfa6bcd1b4965009e4f9040e1d0456417d7ef/ruamel.yaml.clib-0.2.6-cp310-cp310-manylinux_2_17_x86_64.manylinux2014_x86_64.manylinux_2_24_x86_64.whl", hash = "sha256:221eca6f35076c6ae472a531afa1c223b9c29377e62936f61bc8e6e8bdc5f9e7"},
    {url = "https://files.pythonhosted.org/packages/f9/be/d2e098e62a9b18b67cb5b44651984014ff5584100074bcb68b1483e54dc1/ruamel.yaml.clib-0.2.6-cp35-cp35m-manylinux1_x86_64.whl", hash = "sha256:7b2927e92feb51d830f531de4ccb11b320255ee95e791022555971c466af4527"},
]
"toml 0.10.2" = [
    {url = "https://files.pythonhosted.org/packages/44/6f/7120676b6d73228c96e17f1f794d8ab046fc910d781c8d151120c3f1569e/toml-0.10.2-py2.py3-none-any.whl", hash = "sha256:806143ae5bfb6a3c6e736a764057db0e6a0e05e338b5630894a5f779cabb4f9b"},
    {url = "https://files.pythonhosted.org/packages/be/ba/1f744cdc819428fc6b5084ec34d9b30660f6f9daaf70eead706e3203ec3c/toml-0.10.2.tar.gz", hash = "sha256:b3bda1d108d5dd99f4a20d24d9c348e91c4db7ab1b749200bded2f839ccbe68f"},
]
"urllib3 1.26.12" = [
    {url = "https://files.pythonhosted.org/packages/6f/de/5be2e3eed8426f871b170663333a0f627fc2924cc386cd41be065e7ea870/urllib3-1.26.12-py2.py3-none-any.whl", hash = "sha256:b930dd878d5a8afb066a637fbb35144fe7901e3b209d1cd4f524bd0e9deee997"},
    {url = "https://files.pythonhosted.org/packages/b2/56/d87d6d3c4121c0bcec116919350ca05dc3afd2eeb7dc88d07e8083f8ea94/urllib3-1.26.12.tar.gz", hash = "sha256:3fa96cf423e6987997fc326ae8df396db2a8b7c667747d47ddd8ecba91f4a74e"},
]
